{
    "_readme": [
        "This file locks the dependencies of your project to a known state",
        "Read more about it at https://getcomposer.org/doc/01-basic-usage.md#installing-dependencies",
        "This file is @generated automatically"
    ],
    "content-hash": "bd19c30d8aa010c3f49020dfac559885",
    "packages": [
        {
            "name": "altorouter/altorouter",
            "version": "2.0.2",
            "source": {
                "type": "git",
                "url": "https://github.com/dannyvankooten/AltoRouter.git",
                "reference": "f6fede4f94ced7c22ba63a9b8af0bf2dc38e3cb2"
            },
            "dist": {
                "type": "zip",
                "url": "https://api.github.com/repos/dannyvankooten/AltoRouter/zipball/f6fede4f94ced7c22ba63a9b8af0bf2dc38e3cb2",
                "reference": "f6fede4f94ced7c22ba63a9b8af0bf2dc38e3cb2",
                "shasum": ""
            },
            "require": {
                "php": ">=5.6.0"
            },
            "require-dev": {
                "codeclimate/php-test-reporter": "dev-master",
                "phpunit/phpunit": "5.7.*",
                "squizlabs/php_codesniffer": "3.4.2"
            },
            "type": "library",
            "autoload": {
                "classmap": [
                    "AltoRouter.php"
                ]
            },
            "notification-url": "https://packagist.org/downloads/",
            "license": [
                "MIT"
            ],
            "authors": [
                {
                    "name": "Danny van Kooten",
                    "email": "dannyvankooten@gmail.com",
                    "homepage": "http://dannyvankooten.com/"
                },
                {
                    "name": "Koen Punt",
                    "homepage": "https://github.com/koenpunt"
                },
                {
                    "name": "niahoo",
                    "homepage": "https://github.com/niahoo"
                }
            ],
            "description": "A lightning fast router for PHP",
            "homepage": "https://github.com/dannyvankooten/AltoRouter",
            "keywords": [
                "lightweight",
                "router",
                "routing"
            ],
            "support": {
                "issues": "https://github.com/dannyvankooten/AltoRouter/issues",
                "source": "https://github.com/dannyvankooten/AltoRouter/tree/2.0.2"
            },
            "time": "2020-03-09T08:34:59+00:00"
        },
        {
            "name": "composer/installers",
            "version": "v1.12.0",
            "source": {
                "type": "git",
                "url": "https://github.com/composer/installers.git",
                "reference": "d20a64ed3c94748397ff5973488761b22f6d3f19"
            },
            "dist": {
                "type": "zip",
                "url": "https://api.github.com/repos/composer/installers/zipball/d20a64ed3c94748397ff5973488761b22f6d3f19",
                "reference": "d20a64ed3c94748397ff5973488761b22f6d3f19",
                "shasum": ""
            },
            "require": {
                "composer-plugin-api": "^1.0 || ^2.0"
            },
            "replace": {
                "roundcube/plugin-installer": "*",
                "shama/baton": "*"
            },
            "require-dev": {
                "composer/composer": "1.6.* || ^2.0",
                "composer/semver": "^1 || ^3",
                "phpstan/phpstan": "^0.12.55",
                "phpstan/phpstan-phpunit": "^0.12.16",
                "symfony/phpunit-bridge": "^4.2 || ^5",
                "symfony/process": "^2.3"
            },
            "type": "composer-plugin",
            "extra": {
                "class": "Composer\\Installers\\Plugin",
                "branch-alias": {
                    "dev-main": "1.x-dev"
                }
            },
            "autoload": {
                "psr-4": {
                    "Composer\\Installers\\": "src/Composer/Installers"
                }
            },
            "notification-url": "https://packagist.org/downloads/",
            "license": [
                "MIT"
            ],
            "authors": [
                {
                    "name": "Kyle Robinson Young",
                    "email": "kyle@dontkry.com",
                    "homepage": "https://github.com/shama"
                }
            ],
            "description": "A multi-framework Composer library installer",
            "homepage": "https://composer.github.io/installers/",
            "keywords": [
                "Craft",
                "Dolibarr",
                "Eliasis",
                "Hurad",
                "ImageCMS",
                "Kanboard",
                "Lan Management System",
                "MODX Evo",
                "MantisBT",
                "Mautic",
                "Maya",
                "OXID",
                "Plentymarkets",
                "Porto",
                "RadPHP",
                "SMF",
                "Starbug",
                "Thelia",
                "Whmcs",
                "WolfCMS",
                "agl",
                "aimeos",
                "annotatecms",
                "attogram",
                "bitrix",
                "cakephp",
                "chef",
                "cockpit",
                "codeigniter",
                "concrete5",
                "croogo",
                "dokuwiki",
                "drupal",
                "eZ Platform",
                "elgg",
                "expressionengine",
                "fuelphp",
                "grav",
                "installer",
                "itop",
                "joomla",
                "known",
                "kohana",
                "laravel",
                "lavalite",
                "lithium",
                "magento",
                "majima",
                "mako",
                "mediawiki",
                "miaoxing",
                "modulework",
                "modx",
                "moodle",
                "osclass",
                "pantheon",
                "phpbb",
                "piwik",
                "ppi",
                "processwire",
                "puppet",
                "pxcms",
                "reindex",
                "roundcube",
                "shopware",
                "silverstripe",
                "sydes",
                "sylius",
                "symfony",
                "tastyigniter",
                "typo3",
                "wordpress",
                "yawik",
                "zend",
                "zikula"
            ],
            "support": {
                "issues": "https://github.com/composer/installers/issues",
                "source": "https://github.com/composer/installers/tree/v1.12.0"
            },
            "funding": [
                {
                    "url": "https://packagist.com",
                    "type": "custom"
                },
                {
                    "url": "https://github.com/composer",
                    "type": "github"
                },
                {
                    "url": "https://tidelift.com/funding/github/packagist/composer/composer",
                    "type": "tidelift"
                }
            ],
            "time": "2021-09-13T08:19:44+00:00"
        },
        {
            "name": "dashifen/case-changing-trait",
            "version": "1.0.1",
            "source": {
                "type": "git",
                "url": "https://github.com/dashifen/case-changing-trait.git",
                "reference": "950e54a87a77f0fc960ad4c2d3e43e4cde04e144"
            },
            "dist": {
                "type": "zip",
                "url": "https://api.github.com/repos/dashifen/case-changing-trait/zipball/950e54a87a77f0fc960ad4c2d3e43e4cde04e144",
                "reference": "950e54a87a77f0fc960ad4c2d3e43e4cde04e144",
                "shasum": ""
            },
            "require": {
                "php": ">= 7.4"
            },
            "type": "library",
            "autoload": {
                "psr-4": {
                    "Dashifen\\CaseChangingTrait\\": "src"
                }
            },
            "notification-url": "https://packagist.org/downloads/",
            "license": [
                "MIT"
            ],
            "authors": [
                {
                    "name": "David Dashifen Kees",
                    "email": "dashifen@dashifen.com",
                    "role": "developer"
                }
            ],
            "description": "A PHP trait that converts between common programming character cases.",
            "support": {
                "issues": "https://github.com/dashifen/case-changing-trait/issues",
                "source": "https://github.com/dashifen/case-changing-trait/tree/1.0.1"
            },
            "time": "2021-04-07T12:54:46+00:00"
        },
        {
            "name": "dashifen/collection",
            "version": "2.0.2",
            "source": {
                "type": "git",
                "url": "https://github.com/dashifen/collection.git",
                "reference": "b73a627dc0bec89619dbaa080c3a6a92808bb484"
            },
            "dist": {
                "type": "zip",
                "url": "https://api.github.com/repos/dashifen/collection/zipball/b73a627dc0bec89619dbaa080c3a6a92808bb484",
                "reference": "b73a627dc0bec89619dbaa080c3a6a92808bb484",
                "shasum": ""
            },
            "require": {
                "php": ">=7.4"
            },
            "type": "project",
            "autoload": {
                "psr-4": {
                    "Dashifen\\Collection\\": "src"
                }
            },
            "notification-url": "https://packagist.org/downloads/",
            "license": [
                "MIT"
            ],
            "authors": [
                {
                    "name": "David Dashifen Kees",
                    "email": "dashifen@dashifen.com",
                    "role": "developer"
                }
            ],
            "description": "An abstract object from which concrete collections can be built.",
            "support": {
                "issues": "https://github.com/dashifen/collection/issues",
                "source": "https://github.com/dashifen/collection/tree/2.0.2"
            },
            "time": "2021-01-27T02:44:23+00:00"
        },
        {
            "name": "dashifen/debugging",
            "version": "1.0.1",
            "source": {
                "type": "git",
                "url": "https://github.com/dashifen/debugging.git",
                "reference": "6898e2ab451b4e6d8e3825d65223181c8351eaa2"
            },
            "dist": {
                "type": "zip",
                "url": "https://api.github.com/repos/dashifen/debugging/zipball/6898e2ab451b4e6d8e3825d65223181c8351eaa2",
                "reference": "6898e2ab451b4e6d8e3825d65223181c8351eaa2",
                "shasum": ""
            },
            "type": "library",
            "autoload": {
                "psr-4": {
                    "Dashifen\\Debugging\\": "src"
                }
            },
            "notification-url": "https://packagist.org/downloads/",
            "license": [
                "MIT"
            ],
            "authors": [
                {
                    "name": "David Dashifen Kees",
                    "email": "dashifen@dashifen.com",
                    "role": "developer"
                }
            ],
            "description": "A PHP Trait that defines static methods used for on-screen debugging.",
            "support": {
                "issues": "https://github.com/dashifen/debugging/issues",
                "source": "https://github.com/dashifen/debugging/tree/1.0.1"
            },
            "time": "2020-12-09T19:27:09+00:00"
        },
        {
            "name": "dashifen/exception",
            "version": "1.2.0",
            "source": {
                "type": "git",
                "url": "https://github.com/dashifen/exception.git",
                "reference": "e795e1d973e9f781eb3a8371b6299c852eef9bc1"
            },
            "dist": {
                "type": "zip",
                "url": "https://api.github.com/repos/dashifen/exception/zipball/e795e1d973e9f781eb3a8371b6299c852eef9bc1",
                "reference": "e795e1d973e9f781eb3a8371b6299c852eef9bc1",
                "shasum": ""
            },
            "require": {
                "php": ">=7.3"
            },
            "type": "library",
            "autoload": {
                "psr-4": {
                    "Dashifen\\Exception\\": "src/"
                }
            },
            "notification-url": "https://packagist.org/downloads/",
            "license": [
                "MIT"
            ],
            "authors": [
                {
                    "name": "David Dashifen Kees",
                    "email": "dashifen@dashifen.com",
                    "homepage": "https://dashifen.com",
                    "role": "developer"
                }
            ],
            "description": "a base class for exceptions in Dashifen's other work",
            "support": {
                "issues": "https://github.com/dashifen/exception/issues",
                "source": "https://github.com/dashifen/exception/tree/1.2.0"
            },
            "time": "2019-12-12T14:26:49+00:00"
        },
        {
            "name": "dashifen/repository",
            "version": "3.1.2",
            "source": {
                "type": "git",
                "url": "https://github.com/dashifen/repository.git",
                "reference": "2216eb2f17cf56afe4469535a2a333669f6279df"
            },
            "dist": {
                "type": "zip",
                "url": "https://api.github.com/repos/dashifen/repository/zipball/2216eb2f17cf56afe4469535a2a333669f6279df",
                "reference": "2216eb2f17cf56afe4469535a2a333669f6279df",
                "shasum": ""
            },
            "require": {
                "dashifen/case-changing-trait": "^1",
                "dashifen/exception": "^1",
                "ext-json": "*",
                "php": ">=7.4"
            },
            "type": "library",
            "autoload": {
                "psr-4": {
                    "Dashifen\\Repository\\": "src"
                }
            },
            "notification-url": "https://packagist.org/downloads/",
            "license": [
                "WTFPL"
            ],
            "authors": [
                {
                    "name": "David Dashifen Kees",
                    "email": "dashifen@dashifen.com",
                    "role": "developer"
                }
            ],
            "description": "An object with read-only protected properties from which other objects can be extened.",
            "support": {
                "issues": "https://github.com/dashifen/repository/issues",
                "source": "https://github.com/dashifen/repository/tree/3.1.2"
            },
            "time": "2021-08-03T20:54:22+00:00"
        },
        {
            "name": "dashifen/transformer",
            "version": "2.2.0",
            "source": {
                "type": "git",
                "url": "https://github.com/dashifen/transformer.git",
                "reference": "95202e9740b145c0fb94821115dd049c1a0a2c34"
            },
            "dist": {
                "type": "zip",
                "url": "https://api.github.com/repos/dashifen/transformer/zipball/95202e9740b145c0fb94821115dd049c1a0a2c34",
                "reference": "95202e9740b145c0fb94821115dd049c1a0a2c34",
                "shasum": ""
            },
            "require": {
                "dashifen/exception": "^1.2",
                "php": ">=7.3"
            },
            "type": "project",
            "autoload": {
                "psr-4": {
                    "Dashifen\\Transformer\\": "src"
                }
            },
            "notification-url": "https://packagist.org/downloads/",
            "license": [
                "MIT"
            ],
            "authors": [
                {
                    "name": "David Dashifen Kees",
                    "email": "dashifen@dashifen.com",
                    "role": "developer"
                }
            ],
            "description": "An interface and abstract class useful for the production of objects which transform data.",
            "support": {
                "issues": "https://github.com/dashifen/transformer/issues",
                "source": "https://github.com/dashifen/transformer/tree/2.2.0"
            },
            "time": "2020-03-11T14:56:21+00:00"
        },
        {
            "name": "dashifen/wp-debugging",
            "version": "1.0.1",
            "source": {
                "type": "git",
                "url": "https://github.com/dashifen/wp-debugging.git",
                "reference": "aa461ad9c36283466bd120660ff7a7c68eb521b0"
            },
            "dist": {
                "type": "zip",
                "url": "https://api.github.com/repos/dashifen/wp-debugging/zipball/aa461ad9c36283466bd120660ff7a7c68eb521b0",
                "reference": "aa461ad9c36283466bd120660ff7a7c68eb521b0",
                "shasum": ""
            },
            "require": {
                "dashifen/debugging": "^1.0"
            },
            "type": "library",
            "autoload": {
                "psr-4": {
                    "Dashifen\\WPDebugging\\": "src"
                }
            },
            "notification-url": "https://packagist.org/downloads/",
            "license": [
                "proprietary"
            ],
            "authors": [
                {
                    "name": "David Dashifen Kees",
                    "email": "dashifen@dashifen.com",
                    "role": "developer"
                }
            ],
            "description": "A PHP trait that can be used by other objects for on-screen debugging within a WordPress environment.",
            "support": {
                "issues": "https://github.com/dashifen/wp-debugging/issues",
                "source": "https://github.com/dashifen/wp-debugging/tree/1.0.1"
            },
            "time": "2020-12-09T19:29:51+00:00"
        },
        {
            "name": "dashifen/wp-handler",
            "version": "10.10.0",
            "source": {
                "type": "git",
                "url": "https://github.com/dashifen/wp-handler.git",
                "reference": "4adc11a634107b01e74ce83f33bb9310f96634a0"
            },
            "dist": {
                "type": "zip",
                "url": "https://api.github.com/repos/dashifen/wp-handler/zipball/4adc11a634107b01e74ce83f33bb9310f96634a0",
                "reference": "4adc11a634107b01e74ce83f33bb9310f96634a0",
                "shasum": ""
            },
            "require": {
                "dashifen/collection": "^2",
                "dashifen/exception": "^1",
                "dashifen/repository": "^3",
                "dashifen/transformer": "^2",
                "dashifen/wp-debugging": "^1",
                "php": ">=7.4"
            },
            "require-dev": {
                "wp-cli/wp-cli": "^2.5"
            },
            "type": "project",
            "autoload": {
                "psr-4": {
                    "Dashifen\\WPHandler\\": "src"
                }
            },
            "notification-url": "https://packagist.org/downloads/",
            "license": [
                "MIT"
            ],
            "authors": [
                {
                    "name": "David Dashifen Kees",
                    "email": "dashifen@dashifen.com",
                    "role": "developer"
                }
            ],
            "description": "An object to define handlers for various WordPress action and filter hooks using protected methods. ",
            "support": {
                "issues": "https://github.com/dashifen/wp-handler/issues",
                "source": "https://github.com/dashifen/wp-handler/tree/10.10.0"
            },
            "time": "2021-09-28T19:25:08+00:00"
        },
        {
            "name": "symfony/polyfill-ctype",
            "version": "v1.23.0",
            "source": {
                "type": "git",
                "url": "https://github.com/symfony/polyfill-ctype.git",
                "reference": "46cd95797e9df938fdd2b03693b5fca5e64b01ce"
            },
            "dist": {
                "type": "zip",
                "url": "https://api.github.com/repos/symfony/polyfill-ctype/zipball/46cd95797e9df938fdd2b03693b5fca5e64b01ce",
                "reference": "46cd95797e9df938fdd2b03693b5fca5e64b01ce",
                "shasum": ""
            },
            "require": {
                "php": ">=7.1"
            },
            "suggest": {
                "ext-ctype": "For best performance"
            },
            "type": "library",
            "extra": {
                "branch-alias": {
                    "dev-main": "1.23-dev"
                },
                "thanks": {
                    "name": "symfony/polyfill",
                    "url": "https://github.com/symfony/polyfill"
                }
            },
            "autoload": {
                "psr-4": {
                    "Symfony\\Polyfill\\Ctype\\": ""
                },
                "files": [
                    "bootstrap.php"
                ]
            },
            "notification-url": "https://packagist.org/downloads/",
            "license": [
                "MIT"
            ],
            "authors": [
                {
                    "name": "Gert de Pagter",
                    "email": "BackEndTea@gmail.com"
                },
                {
                    "name": "Symfony Community",
                    "homepage": "https://symfony.com/contributors"
                }
            ],
            "description": "Symfony polyfill for ctype functions",
            "homepage": "https://symfony.com",
            "keywords": [
                "compatibility",
                "ctype",
                "polyfill",
                "portable"
            ],
            "support": {
                "source": "https://github.com/symfony/polyfill-ctype/tree/v1.23.0"
            },
            "funding": [
                {
                    "url": "https://symfony.com/sponsor",
                    "type": "custom"
                },
                {
                    "url": "https://github.com/fabpot",
                    "type": "github"
                },
                {
                    "url": "https://tidelift.com/funding/github/packagist/symfony/symfony",
                    "type": "tidelift"
                }
            ],
            "time": "2021-02-19T12:13:01+00:00"
        },
        {
            "name": "symfony/polyfill-mbstring",
            "version": "v1.23.1",
            "source": {
                "type": "git",
                "url": "https://github.com/symfony/polyfill-mbstring.git",
                "reference": "9174a3d80210dca8daa7f31fec659150bbeabfc6"
            },
            "dist": {
                "type": "zip",
                "url": "https://api.github.com/repos/symfony/polyfill-mbstring/zipball/9174a3d80210dca8daa7f31fec659150bbeabfc6",
                "reference": "9174a3d80210dca8daa7f31fec659150bbeabfc6",
                "shasum": ""
            },
            "require": {
                "php": ">=7.1"
            },
            "suggest": {
                "ext-mbstring": "For best performance"
            },
            "type": "library",
            "extra": {
                "branch-alias": {
                    "dev-main": "1.23-dev"
                },
                "thanks": {
                    "name": "symfony/polyfill",
                    "url": "https://github.com/symfony/polyfill"
                }
            },
            "autoload": {
                "psr-4": {
                    "Symfony\\Polyfill\\Mbstring\\": ""
                },
                "files": [
                    "bootstrap.php"
                ]
            },
            "notification-url": "https://packagist.org/downloads/",
            "license": [
                "MIT"
            ],
            "authors": [
                {
                    "name": "Nicolas Grekas",
                    "email": "p@tchwork.com"
                },
                {
                    "name": "Symfony Community",
                    "homepage": "https://symfony.com/contributors"
                }
            ],
            "description": "Symfony polyfill for the Mbstring extension",
            "homepage": "https://symfony.com",
            "keywords": [
                "compatibility",
                "mbstring",
                "polyfill",
                "portable",
                "shim"
            ],
            "support": {
                "source": "https://github.com/symfony/polyfill-mbstring/tree/v1.23.1"
            },
            "funding": [
                {
                    "url": "https://symfony.com/sponsor",
                    "type": "custom"
                },
                {
                    "url": "https://github.com/fabpot",
                    "type": "github"
                },
                {
                    "url": "https://tidelift.com/funding/github/packagist/symfony/symfony",
                    "type": "tidelift"
                }
            ],
            "time": "2021-05-27T12:26:48+00:00"
        },
        {
            "name": "timber/timber",
            "version": "1.19.1",
            "source": {
                "type": "git",
                "url": "https://github.com/timber/timber.git",
                "reference": "3e213fbd3587eb36adec2d5a081824c4722a0acf"
            },
            "dist": {
                "type": "zip",
                "url": "https://api.github.com/repos/timber/timber/zipball/3e213fbd3587eb36adec2d5a081824c4722a0acf",
                "reference": "3e213fbd3587eb36adec2d5a081824c4722a0acf",
                "shasum": ""
            },
            "require": {
                "composer/installers": "~1.0",
                "php": ">=5.3.0|7.*",
                "twig/cache-extension": "^1.5",
                "twig/twig": "^1.41|^2.10",
                "upstatement/routes": "0.8.1"
            },
            "require-dev": {
                "dealerdirect/phpcodesniffer-composer-installer": "^0.7.0",
                "johnpbloch/wordpress": "*",
                "phpunit/phpunit": "5.7.16|6.*",
                "squizlabs/php_codesniffer": "3.*",
                "wp-coding-standards/wpcs": "^2.0",
                "wpackagist-plugin/advanced-custom-fields": "5.*",
                "wpackagist-plugin/co-authors-plus": "3.2.*|3.4.*",
                "yoast/phpunit-polyfills": "^1.0"
            },
            "suggest": {
                "satooshi/php-coveralls": "1.0.* for code coverage"
            },
            "type": "library",
            "autoload": {
                "psr-4": {
                    "Timber\\": "lib/"
                }
            },
            "notification-url": "https://packagist.org/downloads/",
            "license": [
                "MIT"
            ],
            "authors": [
                {
                    "name": "Jared Novack",
                    "email": "jared@upstatement.com",
                    "homepage": "http://upstatement.com"
                },
                {
                    "name": "Connor J. Burton",
                    "email": "connorjburton@gmail.com",
                    "homepage": "http://connorburton.com"
                }
            ],
            "description": "Plugin to write WordPress themes w Object-Oriented Code and the Twig Template Engine",
            "homepage": "http://timber.upstatement.com",
            "keywords": [
                "templating",
                "themes",
                "timber",
                "twig"
            ],
            "support": {
                "docs": "https://timber.github.io/docs/",
                "issues": "https://github.com/timber/timber/issues",
                "source": "https://github.com/timber/timber"
            },
            "time": "2021-10-18T13:21:54+00:00"
        },
        {
            "name": "twig/cache-extension",
            "version": "v1.5.0",
            "source": {
                "type": "git",
                "url": "https://github.com/twigphp/twig-cache-extension.git",
                "reference": "2c243643f59132194458bd03c745b079bbb12e78"
            },
            "dist": {
                "type": "zip",
                "url": "https://api.github.com/repos/twigphp/twig-cache-extension/zipball/2c243643f59132194458bd03c745b079bbb12e78",
                "reference": "2c243643f59132194458bd03c745b079bbb12e78",
                "shasum": ""
            },
            "require": {
                "php": ">=5.3.2",
                "twig/twig": "^1.38|^2.4|^3.0"
            },
            "require-dev": {
                "doctrine/cache": "~1.0",
                "phpunit/phpunit": "^5.0 || ^4.8.36",
                "psr/cache": "^1.0",
                "sebastian/comparator": "^1.2.4|^2.0"
            },
            "suggest": {
                "psr/cache-implementation": "To make use of PSR-6 cache implementation via PsrCacheAdapter."
            },
            "type": "library",
            "extra": {
                "branch-alias": {
                    "dev-master": "1.5-dev"
                }
            },
            "autoload": {
                "psr-4": {
                    "": "lib/"
                }
            },
            "notification-url": "https://packagist.org/downloads/",
            "license": [
                "MIT"
            ],
            "authors": [
                {
                    "name": "Alexander",
                    "email": "iam.asm89@gmail.com"
                }
            ],
            "description": "Cache fragments of templates directly within Twig.",
            "homepage": "https://github.com/twigphp/twig-cache-extension",
            "keywords": [
                "cache",
                "extension",
                "twig"
            ],
            "support": {
                "issues": "https://github.com/twigphp/twig-cache-extension/issues",
                "source": "https://github.com/twigphp/twig-cache-extension/tree/v1.5.0"
            },
            "funding": [
                {
                    "url": "https://github.com/fabpot",
                    "type": "github"
                },
                {
                    "url": "https://tidelift.com/funding/github/packagist/twig/twig",
                    "type": "tidelift"
                }
            ],
            "abandoned": "twig/cache-extra",
            "time": "2020-10-04T09:56:48+00:00"
        },
        {
            "name": "twig/twig",
            "version": "v2.14.8",
            "source": {
                "type": "git",
                "url": "https://github.com/twigphp/Twig.git",
                "reference": "06b450a2326aa879faa2061ff72fe1588b3ab043"
            },
            "dist": {
                "type": "zip",
                "url": "https://api.github.com/repos/twigphp/Twig/zipball/06b450a2326aa879faa2061ff72fe1588b3ab043",
                "reference": "06b450a2326aa879faa2061ff72fe1588b3ab043",
                "shasum": ""
            },
            "require": {
                "php": ">=7.2.5",
                "symfony/polyfill-ctype": "^1.8",
                "symfony/polyfill-mbstring": "^1.3"
            },
            "require-dev": {
                "psr/container": "^1.0",
                "symfony/phpunit-bridge": "^4.4.9|^5.0.9|^6.0"
            },
            "type": "library",
            "extra": {
                "branch-alias": {
                    "dev-master": "2.14-dev"
                }
            },
            "autoload": {
                "psr-0": {
                    "Twig_": "lib/"
                },
                "psr-4": {
                    "Twig\\": "src/"
                }
            },
            "notification-url": "https://packagist.org/downloads/",
            "license": [
                "BSD-3-Clause"
            ],
            "authors": [
                {
                    "name": "Fabien Potencier",
                    "email": "fabien@symfony.com",
                    "homepage": "http://fabien.potencier.org",
                    "role": "Lead Developer"
                },
                {
                    "name": "Twig Team",
                    "role": "Contributors"
                },
                {
                    "name": "Armin Ronacher",
                    "email": "armin.ronacher@active-4.com",
                    "role": "Project Founder"
                }
            ],
            "description": "Twig, the flexible, fast, and secure template language for PHP",
            "homepage": "https://twig.symfony.com",
            "keywords": [
                "templating"
            ],
            "support": {
                "issues": "https://github.com/twigphp/Twig/issues",
                "source": "https://github.com/twigphp/Twig/tree/v2.14.8"
            },
            "funding": [
                {
                    "url": "https://github.com/fabpot",
                    "type": "github"
                },
                {
                    "url": "https://tidelift.com/funding/github/packagist/twig/twig",
                    "type": "tidelift"
                }
            ],
            "time": "2021-11-25T13:38:06+00:00"
        },
        {
            "name": "upstatement/routes",
            "version": "0.8.1",
            "source": {
                "type": "git",
                "url": "https://github.com/Upstatement/routes.git",
                "reference": "02eb866668f5478d794547aa79e73dd92a989ad9"
            },
            "dist": {
                "type": "zip",
                "url": "https://api.github.com/repos/Upstatement/routes/zipball/02eb866668f5478d794547aa79e73dd92a989ad9",
                "reference": "02eb866668f5478d794547aa79e73dd92a989ad9",
                "shasum": ""
            },
            "require": {
                "altorouter/altorouter": "^2.0.2",
                "composer/installers": "~1.0",
                "php": ">=5.6.0"
            },
            "require-dev": {
                "phpunit/phpunit": "5.7.16",
                "satooshi/php-coveralls": "*",
                "wp-cli/wp-cli": "*"
            },
            "type": "library",
            "autoload": {
                "psr-0": {
                    "Routes": ""
                }
            },
            "notification-url": "https://packagist.org/downloads/",
            "license": [
                "MIT"
            ],
            "authors": [
                {
                    "name": "Jared Novack",
                    "email": "jared@upstatement.com",
                    "homepage": "https://www.upstatement.com"
                }
            ],
            "description": "Manage rewrites and routes in WordPress with this dead-simple plugin",
            "homepage": "https://www.upstatement.com",
            "keywords": [
                "redirects",
                "rewrite",
                "routes",
                "routing"
            ],
            "support": {
                "issues": "https://github.com/Upstatement/routes/issues",
                "source": "https://github.com/Upstatement/routes",
                "wiki": "https://github.com/Upstatement/routes/wiki"
            },
            "time": "2021-10-16T00:12:03+00:00"
        }
    ],
    "packages-dev": [],
    "aliases": [],
    "minimum-stability": "stable",
    "stability-flags": [],
    "prefer-stable": false,
    "prefer-lowest": false,
    "platform": [],
    "platform-dev": [],
    "plugin-api-version": "2.2.0"
}
